// !$*UTF8*$!
{
	archiveVersion = 1;
	classes = {
	};
	objectVersion = 46;
	objects = {

/* Begin PBXBuildFile section */
		CD00115E1F24E43700CB1D1D /* main.m in Sources */ = {isa = PBXBuildFile; fileRef = CD00115D1F24E43700CB1D1D /* main.m */; };
		CD0011611F24E43700CB1D1D /* AppDelegate.m in Sources */ = {isa = PBXBuildFile; fileRef = CD0011601F24E43700CB1D1D /* AppDelegate.m */; };
		CD0011641F24E43700CB1D1D /* ViewController.m in Sources */ = {isa = PBXBuildFile; fileRef = CD0011631F24E43700CB1D1D /* ViewController.m */; };
		CD0011671F24E43700CB1D1D /* Main.storyboard in Resources */ = {isa = PBXBuildFile; fileRef = CD0011651F24E43700CB1D1D /* Main.storyboard */; };
		CD0011691F24E43700CB1D1D /* Assets.xcassets in Resources */ = {isa = PBXBuildFile; fileRef = CD0011681F24E43700CB1D1D /* Assets.xcassets */; };
		CD00116C1F24E43700CB1D1D /* LaunchScreen.storyboard in Resources */ = {isa = PBXBuildFile; fileRef = CD00116A1F24E43700CB1D1D /* LaunchScreen.storyboard */; };
/* End PBXBuildFile section */

/* Begin PBXFileReference section */
		CD0011591F24E43700CB1D1D /* gitTest.app */ = {isa = PBXFileReference; explicitFileType = wrapper.application; includeInIndex = 0; path = gitTest.app; sourceTree = BUILT_PRODUCTS_DIR; };
		CD00115D1F24E43700CB1D1D /* main.m */ = {isa = PBXFileReference; lastKnownFileType = sourcecode.c.objc; path = main.m; sourceTree = "<group>"; };
		CD00115F1F24E43700CB1D1D /* AppDelegate.h */ = {isa = PBXFileReference; lastKnownFileType = sourcecode.c.h; path = AppDelegate.h; sourceTree = "<group>"; };
		CD0011601F24E43700CB1D1D /* AppDelegate.m */ = {isa = PBXFileReference; lastKnownFileType = sourcecode.c.objc; path = AppDelegate.m; sourceTree = "<group>"; };
		CD0011621F24E43700CB1D1D /* ViewController.h */ = {isa = PBXFileReference; lastKnownFileType = sourcecode.c.h; path = ViewController.h; sourceTree = "<group>"; };
		CD0011631F24E43700CB1D1D /* ViewController.m */ = {isa = PBXFileReference; lastKnownFileType = sourcecode.c.objc; path = ViewController.m; sourceTree = "<group>"; };
		CD0011661F24E43700CB1D1D /* Base */ = {isa = PBXFileReference; lastKnownFileType = file.storyboard; name = Base; path = Base.lproj/Main.storyboard; sourceTree = "<group>"; };
		CD0011681F24E43700CB1D1D /* Assets.xcassets */ = {isa = PBXFileReference; lastKnownFileType = folder.assetcatalog; path = Assets.xcassets; sourceTree = "<group>"; };
		CD00116B1F24E43700CB1D1D /* Base */ = {isa = PBXFileReference; lastKnownFileType = file.storyboard; name = Base; path = Base.lproj/LaunchScreen.storyboard; sourceTree = "<group>"; };
		CD00116D1F24E43700CB1D1D /* Info.plist */ = {isa = PBXFileReference; lastKnownFileType = text.plist.xml; path = Info.plist; sourceTree = "<group>"; };
/* End PBXFileReference section */

/* Begin PBXFrameworksBuildPhase section */
		CD0011561F24E43700CB1D1D /* Frameworks */ = {
			isa = PBXFrameworksBuildPhase;
			buildActionMask = 2147483647;
			files = (
			);
			runOnlyForDeploymentPostprocessing = 0;
		};
/* End PBXFrameworksBuildPhase section */

/* Begin PBXGroup section */
		CD0011501F24E43700CB1D1D = {
			isa = PBXGroup;
			children = (
				CD00115B1F24E43700CB1D1D /* gitTest */,
				CD00115A1F24E43700CB1D1D /* Products */,
			);
			sourceTree = "<group>";
		};
		CD00115A1F24E43700CB1D1D /* Products */ = {
			isa = PBXGroup;
			children = (
				CD0011591F24E43700CB1D1D /* gitTest.app */,
			);
			name = Products;
			sourceTree = "<group>";
		};
		CD00115B1F24E43700CB1D1D /* gitTest */ = {
			isa = PBXGroup;
			children = (
				CD00115F1F24E43700CB1D1D /* AppDelegate.h */,
				CD0011601F24E43700CB1D1D /* AppDelegate.m */,
				CD0011621F24E43700CB1D1D /* ViewController.h */,
				CD0011631F24E43700CB1D1D /* ViewController.m */,
				CD0011651F24E43700CB1D1D /* Main.storyboard */,
				CD0011681F24E43700CB1D1D /* Assets.xcassets */,
				CD00116A1F24E43700CB1D1D /* LaunchScreen.storyboard */,
				CD00116D1F24E43700CB1D1D /* Info.plist */,
				CD00115C1F24E43700CB1D1D /* Supporting Files */,
			);
			path = gitTest;
			sourceTree = "<group>";
		};
		CD00115C1F24E43700CB1D1D /* Supporting Files */ = {
			isa = PBXGroup;
			children = (
				CD00115D1F24E43700CB1D1D /* main.m */,
			);
			name = "Supporting Files";
			sourceTree = "<group>";
		};
/* End PBXGroup section */

/* Begin PBXNativeTarget section */
		CD0011581F24E43700CB1D1D /* gitTest */ = {
			isa = PBXNativeTarget;
			buildConfigurationList = CD0011701F24E43700CB1D1D /* Build configuration list for PBXNativeTarget "gitTest" */;
			buildPhases = (
				CD0011551F24E43700CB1D1D /* Sources */,
				CD0011561F24E43700CB1D1D /* Frameworks */,
				CD0011571F24E43700CB1D1D /* Resources */,
			);
			buildRules = (
			);
			dependencies = (
			);
			name = gitTest;
			productName = gitTest;
			productReference = CD0011591F24E43700CB1D1D /* gitTest.app */;
			productType = "com.apple.product-type.application";
		};
/* End PBXNativeTarget section */

/* Begin PBXProject section */
		CD0011511F24E43700CB1D1D /* Project object */ = {
			isa = PBXProject;
			attributes = {
				LastUpgradeCheck = 0830;
				ORGANIZATIONNAME = Twh;
				TargetAttributes = {
					CD0011581F24E43700CB1D1D = {
						CreatedOnToolsVersion = 8.3.3;
						ProvisioningStyle = Automatic;
					};
				};
			};
			buildConfigurationList = CD0011541F24E43700CB1D1D /* Build configuration list for PBXProject "gitTest" */;
			compatibilityVersion = "Xcode 3.2";
			developmentRegion = English;
			hasScannedForEncodings = 0;
			knownRegions = (
				en,
				Base,
			);
			mainGroup = CD0011501F24E43700CB1D1D;
			productRefGroup = CD00115A1F24E43700CB1D1D /* Products */;
			projectDirPath = "";
			projectRoot = "";
			targets = (
				CD0011581F24E43700CB1D1D /* gitTest */,
			);
		};
/* End PBXProject section */

/* Begin PBXResourcesBuildPhase section */
		CD0011571F24E43700CB1D1D /* Resources */ = {
			isa = PBXResourcesBuildPhase;
			buildActionMask = 2147483647;
			files = (
				CD00116C1F24E43700CB1D1D /* LaunchScreen.storyboard in Resources */,
				CD0011691F24E43700CB1D1D /* Assets.xcassets in Resources */,
				CD0011671F24E43700CB1D1D /* Main.storyboard in Resources */,
			);
			runOnlyForDeploymentPostprocessing = 0;
		};
/* End PBXResourcesBuildPhase section */

/* Begin PBXSourcesBuildPhase section */
		CD0011551F24E43700CB1D1D /* Sources */ = {
			isa = PBXSourcesBuildPhase;
			buildActionMask = 2147483647;
			files = (
				CD0011641F24E43700CB1D1D /* ViewController.m in Sources */,
				CD0011611F24E43700CB1D1D /* AppDelegate.m in Sources */,
				CD00115E1F24E43700CB1D1D /* main.m in Sources */,
			);
			runOnlyForDeploymentPostprocessing = 0;
		};
/* End PBXSourcesBuildPhase section */

/* Begin PBXVariantGroup section */
		CD0011651F24E43700CB1D1D /* Main.storyboard */ = {
			isa = PBXVariantGroup;
			children = (
				CD0011661F24E43700CB1D1D /* Base */,
			);
			name = Main.storyboard;
			sourceTree = "<group>";
		};
		CD00116A1F24E43700CB1D1D /* LaunchScreen.storyboard */ = {
			isa = PBXVariantGroup;
			children = (
				CD00116B1F24E43700CB1D1D /* Base */,
			);
			name = LaunchScreen.storyboard;
			sourceTree = "<group>";
		};
/* End PBXVariantGroup section */

/* Begin XCBuildConfiguration section */
		CD00116E1F24E43700CB1D1D /* Debug */ = {
			isa = XCBuildConfiguration;
			buildSettings = {
				ALWAYS_SEARCH_USER_PATHS = NO;
				CLANG_ANALYZER_NONNULL = YES;
				CLANG_ANALYZER_NUMBER_OBJECT_CONVERSION = YES_AGGRESSIVE;
				CLANG_CXX_LANGUAGE_STANDARD = "gnu++0x";
				CLANG_CXX_LIBRARY = "libc++";
				CLANG_ENABLE_MODULES = YES;
				CLANG_ENABLE_OBJC_ARC = YES;
				CLANG_WARN_BOOL_CONVERSION = YES;
				CLANG_WARN_CONSTANT_CONVERSION = YES;
				CLANG_WARN_DIRECT_OBJC_ISA_USAGE = YES_ERROR;
				CLANG_WARN_DOCUMENTATION_COMMENTS = YES;
				CLANG_WARN_EMPTY_BODY = YES;
				CLANG_WARN_ENUM_CONVERSION = YES;
				CLANG_WARN_INFINITE_RECURSION = YES;
				CLANG_WARN_INT_CONVERSION = YES;
				CLANG_WARN_OBJC_ROOT_CLASS = YES_ERROR;
				CLANG_WARN_SUSPICIOUS_MOVE = YES;
				CLANG_WARN_UNREACHABLE_CODE = YES;
				CLANG_WARN__DUPLICATE_METHOD_MATCH = YES;
				"CODE_SIGN_IDENTITY[sdk=iphoneos*]" = "iPhone Developer";
				COPY_PHASE_STRIP = NO;
				DEBUG_INFORMATION_FORMAT = dwarf;
				ENABLE_STRICT_OBJC_MSGSEND = YES;
				ENABLE_TESTABILITY = YES;
				GCC_C_LANGUAGE_STANDARD = gnu99;
				GCC_DYNAMIC_NO_PIC = NO;
				GCC_NO_COMMON_BLOCKS = YES;
				GCC_OPTIMIZATION_LEVEL = 0;
				GCC_PREPROCESSOR_DEFINITIONS = (
					"DEBUG=1",
					"$(inherited)",
				);
				GCC_WARN_64_TO_32_BIT_CONVERSION = YES;
				GCC_WARN_ABOUT_RETURN_TYPE = YES_ERROR;
				GCC_WARN_UNDECLARED_SELECTOR = YES;
				GCC_WARN_UNINITIALIZED_AUTOS = YES_AGGRESSIVE;
				GCC_WARN_UNUSED_FUNCTION = YES;
				GCC_WARN_UNUSED_VARIABLE = YES;
				IPHONEOS_DEPLOYMENT_TARGET = 10.3;
				MTL_ENABLE_DEBUG_INFO = YES;
				ONLY_ACTIVE_ARCH = YES;
				SDKROOT = iphoneos;
			};
			name = Debug;
		};
		CD00116F1F24E43700CB1D1D /* Release */ = {
			isa = XCBuildConfiguration;
			buildSettings = {
				ALWAYS_SEARCH_USER_PATHS = NO;
				CLANG_ANALYZER_NONNULL = YES;
				CLANG_ANALYZER_NUMBER_OBJECT_CONVERSION = YES_AGGRESSIVE;
				CLANG_CXX_LANGUAGE_STANDARD = "gnu++0x";
				CLANG_CXX_LIBRARY = "libc++";
				CLANG_ENABLE_MODULES = YES;
				CLANG_ENABLE_OBJC_ARC = YES;
				CLANG_WARN_BOOL_CONVERSION = YES;
				CLANG_WARN_CONSTANT_CONVERSION = YES;
				CLANG_WARN_DIRECT_OBJC_ISA_USAGE = YES_ERROR;
				CLANG_WARN_DOCUMENTATION_COMMENTS = YES;
				CLANG_WARN_EMPTY_BODY = YES;
				CLANG_WARN_ENUM_CONVERSION = YES;
				CLANG_WARN_INFINITE_RECURSION = YES;
				CLANG_WARN_INT_CONVERSION = YES;
				CLANG_WARN_OBJC_ROOT_CLASS = YES_ERROR;
				CLANG_WARN_SUSPICIOUS_MOVE = YES;
				CLANG_WARN_UNREACHABLE_CODE = YES;
				CLANG_WARN__DUPLICATE_METHOD_MATCH = YES;
				"CODE_SIGN_IDENTITY[sdk=iphoneos*]" = "iPhone Developer";
				COPY_PHASE_STRIP = NO;
				DEBUG_INFORMATION_FORMAT = "dwarf-with-dsym";
				ENABLE_NS_ASSERTIONS = NO;
				ENABLE_STRICT_OBJC_MSGSEND = YES;
				GCC_C_LANGUAGE_STANDARD = gnu99;
				GCC_NO_COMMON_BLOCKS = YES;
				GCC_WARN_64_TO_32_BIT_CONVERSION = YES;
				GCC_WARN_ABOUT_RETURN_TYPE = YES_ERROR;
				GCC_WARN_UNDECLARED_SELECTOR = YES;
				GCC_WARN_UNINITIALIZED_AUTOS = YES_AGGRESSIVE;
				GCC_WARN_UNUSED_FUNCTION = YES;
				GCC_WARN_UNUSED_VARIABLE = YES;
				IPHONEOS_DEPLOYMENT_TARGET = 10.3;
				MTL_ENABLE_DEBUG_INFO = NO;
				SDKROOT = iphoneos;
				VALIDATE_PRODUCT = YES;
			};
			name = Release;
		};
		CD0011711F24E43700CB1D1D /* Debug */ = {
			isa = XCBuildConfiguration;
			buildSettings = {
				ASSETCATALOG_COMPILER_APPICON_NAME = AppIcon;
				INFOPLIST_FILE = gitTest/Info.plist;
				LD_RUNPATH_SEARCH_PATHS = "$(inherited) @executable_path/Frameworks";
				PRODUCT_BUNDLE_IDENTIFIER = cn.twh.gitTest;
				PRODUCT_NAME = "$(TARGET_NAME)";
			};
			name = Debug;
		};
		CD0011721F24E43700CB1D1D /* Release */ = {
			isa = XCBuildConfiguration;
			buildSettings = {
				ASSETCATALOG_COMPILER_APPICON_NAME = AppIcon;
				INFOPLIST_FILE = gitTest/Info.plist;
				LD_RUNPATH_SEARCH_PATHS = "$(inherited) @executable_path/Frameworks";
				PRODUCT_BUNDLE_IDENTIFIER = cn.twh.gitTest;
				PRODUCT_NAME = "$(TARGET_NAME)";
			};
			name = Release;
		};
/* End XCBuildConfiguration section */

/* Begin XCConfigurationList section */
		CD0011541F24E43700CB1D1D /* Build configuration list for PBXProject "gitTest" */ = {
			isa = XCConfigurationList;
			buildConfigurations = (
				CD00116E1F24E43700CB1D1D /* Debug */,
				CD00116F1F24E43700CB1D1D /* Release */,
			);
			defaultConfigurationIsVisible = 0;
			defaultConfigurationName = Release;
		};
		CD0011701F24E43700CB1D1D /* Build configuration list for PBXNativeTarget "gitTest" */ = {
			isa = XCConfigurationList;
			buildConfigurations = (
				CD0011711F24E43700CB1D1D /* Debug */,
				CD0011721F24E43700CB1D1D /* Release */,
			);
			defaultConfigurationIsVisible = 0;
		};
/* End XCConfigurationList section */
	};
	rootObject = CD0011511F24E43700CB1D1D /* Project object */;
}
